
Microsoft Visual Studio Solution File, Format Version 12.00
# Visual Studio Version 16
VisualStudioVersion = 25.0.1706.14
MinimumVisualStudioVersion = 10.0.40219.1
Project("{FAE04EC0-301F-11D3-BF4B-00C04F79EFBC}") = "ApiDemo", "ApiDemo.csproj", "{06ABAAEE-9F5C-4E06-8BE3-CD984E918C0F}"
EndProject
Global
	GlobalSection(SolutionConfigurationPlatforms) = preSolution
		Debug|Any CPU = Debug|Any CPU
		Release|Any CPU = Release|Any CPU
	EndGlobalSection
	GlobalSection(ProjectConfigurationPlatforms) = postSolution
		{06ABAAEE-9F5C-4E06-8BE3-CD984E918C0F}.Debug|Any CPU.ActiveCfg = Debug|Any CPU
		{06ABAAEE-9F5C-4E06-8BE3-CD984E918C0F}.Debug|Any CPU.Build.0 = Debug|Any CPU
		{06ABAAEE-9F5C-4E06-8BE3-CD984E918C0F}.Release|Any CPU.ActiveCfg = Release|Any CPU
		{06ABAAEE-9F5C-4E06-8BE3-CD984E918C0F}.Release|Any CPU.Build.0 = Release|Any CPU
	EndGlobalSection
	GlobalSection(SolutionProperties) = preSolution
		HideSolutionNode = FALSE
	EndGlobalSection
	GlobalSection(ExtensibilityGlobals) = postSolution
		SolutionGuid = {0ACD7365-A330-4FED-988B-3A3B2630CFFE}
	EndGlobalSection
EndGlobal
