
Microsoft Visual Studio Solution File, Format Version 12.00
# Visual Studio Version 16
VisualStudioVersion = 25.0.1706.14
MinimumVisualStudioVersion = 10.0.40219.1
Project("{FAE04EC0-301F-11D3-BF4B-00C04F79EFBC}") = "PublishDemo", "PublishDemo.csproj", "{892275AE-976B-4899-9361-CD5386613A3F}"
EndProject
Global
	GlobalSection(SolutionConfigurationPlatforms) = preSolution
		Debug|Any CPU = Debug|Any CPU
		Release|Any CPU = Release|Any CPU
	EndGlobalSection
	GlobalSection(ProjectConfigurationPlatforms) = postSolution
		{892275AE-976B-4899-9361-CD5386613A3F}.Debug|Any CPU.ActiveCfg = Debug|Any CPU
		{892275AE-976B-4899-9361-CD5386613A3F}.Debug|Any CPU.Build.0 = Debug|Any CPU
		{892275AE-976B-4899-9361-CD5386613A3F}.Release|Any CPU.ActiveCfg = Release|Any CPU
		{892275AE-976B-4899-9361-CD5386613A3F}.Release|Any CPU.Build.0 = Release|Any CPU
	EndGlobalSection
	GlobalSection(SolutionProperties) = preSolution
		HideSolutionNode = FALSE
	EndGlobalSection
	GlobalSection(ExtensibilityGlobals) = postSolution
		SolutionGuid = {C1E91EF8-66AC-4B08-97E4-D90AA90F4078}
	EndGlobalSection
EndGlobal
