
Microsoft Visual Studio Solution File, Format Version 12.00
# Visual Studio Version 16
VisualStudioVersion = 25.0.1706.14
MinimumVisualStudioVersion = 10.0.40219.1
Project("{FAE04EC0-301F-11D3-BF4B-00C04F79EFBC}") = "MultiTables_demo", "MultiTables_demo.csproj", "{54680D89-241D-459D-8D4F-0C255A77DCCD}"
EndProject
Global
	GlobalSection(SolutionConfigurationPlatforms) = preSolution
		Debug|Any CPU = Debug|Any CPU
		Release|Any CPU = Release|Any CPU
	EndGlobalSection
	GlobalSection(ProjectConfigurationPlatforms) = postSolution
		{54680D89-241D-459D-8D4F-0C255A77DCCD}.Debug|Any CPU.ActiveCfg = Debug|Any CPU
		{54680D89-241D-459D-8D4F-0C255A77DCCD}.Debug|Any CPU.Build.0 = Debug|Any CPU
		{54680D89-241D-459D-8D4F-0C255A77DCCD}.Release|Any CPU.ActiveCfg = Release|Any CPU
		{54680D89-241D-459D-8D4F-0C255A77DCCD}.Release|Any CPU.Build.0 = Release|Any CPU
	EndGlobalSection
	GlobalSection(SolutionProperties) = preSolution
		HideSolutionNode = FALSE
	EndGlobalSection
	GlobalSection(ExtensibilityGlobals) = postSolution
		SolutionGuid = {5B68C71C-80F3-4D68-B1E4-65E71AD0E4B4}
	EndGlobalSection
EndGlobal
